
Microsoft Visual Studio Solution File, Format Version 12.00
Project("{FAE04EC0-301F-11D3-BF4B-00C04F79EFBC}") = "Osekai.Octon", "Osekai.Octon\Osekai.Octon.csproj", "{42358FAB-20DC-40DB-806D-BF21650CB7D4}"
EndProject
Project("{FAE04EC0-301F-11D3-BF4B-00C04F79EFBC}") = "Osekai.Octon.Database", "Osekai.Octon.Database\Osekai.Octon.Database.csproj", "{0C0E50EC-C16A-4214-BBE1-25FAA295DD29}"
EndProject
Project("{FAE04EC0-301F-11D3-BF4B-00C04F79EFBC}") = "Osekai.Octon.Database.EntityFramework.MySql", "Osekai.Octon.Database.EntityFramework.MySql\Osekai.Octon.Database.EntityFramework.MySql.csproj", "{41573ED2-FC36-4D89-A99F-42B740F3D4A4}"
EndProject
Project("{FAE04EC0-301F-11D3-BF4B-00C04F79EFBC}") = "Osekai.Octon.Database.EntityFramework.MySql.Migrations", "Osekai.Octon.Database.EntityFramework.MySql.Migrations\Osekai.Octon.Database.EntityFramework.MySql.Migrations.csproj", "{C1B14FB9-CBBE-4B41-805A-A85AE4A200B2}"
EndProject
Project("{FAE04EC0-301F-11D3-BF4B-00C04F79EFBC}") = "Osekai.Octon.Database.EntityFramework", "Osekai.Octon.Database.EntityFramework\Osekai.Octon.Database.EntityFramework.csproj", "{DE9BFCCB-73FC-43D9-A276-B1D1136DF677}"
EndProject
Project("{FAE04EC0-301F-11D3-BF4B-00C04F79EFBC}") = "Osekai.Octon.Services", "Osekai.Octon.Services\Osekai.Octon.Services.csproj", "{F4A6ED15-F580-4F60-9C4D-7B5DA011D066}"
EndProject
Project("{FAE04EC0-301F-11D3-BF4B-00C04F79EFBC}") = "Osekai.Octon.Exceptions", "Osekai.Octon.Exceptions\Osekai.Octon.Exceptions.csproj", "{D7ACB8AF-4A1D-414C-9A8C-52AD661D7B04}"
EndProject
Project("{FAE04EC0-301F-11D3-BF4B-00C04F79EFBC}") = "Osekai.Octon.Options", "Osekai.Octon.Options\Osekai.Octon.Options.csproj", "{E7DBAB49-9356-429D-8E21-A8073B0AA89D}"
EndProject
Project("{FAE04EC0-301F-11D3-BF4B-00C04F79EFBC}") = "Osekai.Octon.Applications", "Osekai.Octon.Applications\Osekai.Octon.Applications.csproj", "{0409D951-088F-4196-A52A-41D8F994E66C}"
EndProject
Project("{FAE04EC0-301F-11D3-BF4B-00C04F79EFBC}") = "Osekai.Octon.Applications.Caching.MsgPack", "Osekai.Octon.Applications.Caching.MsgPack\Osekai.Octon.Applications.Caching.MsgPack.csproj", "{0668BB68-E3FE-413F-9DFB-B16D3B71A8F2}"
EndProject
Global
	GlobalSection(SolutionConfigurationPlatforms) = preSolution
		Debug|Any CPU = Debug|Any CPU
		Release|Any CPU = Release|Any CPU
	EndGlobalSection
	GlobalSection(ProjectConfigurationPlatforms) = postSolution
		{42358FAB-20DC-40DB-806D-BF21650CB7D4}.Debug|Any CPU.ActiveCfg = Debug|Any CPU
		{42358FAB-20DC-40DB-806D-BF21650CB7D4}.Debug|Any CPU.Build.0 = Debug|Any CPU
		{42358FAB-20DC-40DB-806D-BF21650CB7D4}.Release|Any CPU.ActiveCfg = Release|Any CPU
		{42358FAB-20DC-40DB-806D-BF21650CB7D4}.Release|Any CPU.Build.0 = Release|Any CPU
		{0C0E50EC-C16A-4214-BBE1-25FAA295DD29}.Debug|Any CPU.ActiveCfg = Debug|Any CPU
		{0C0E50EC-C16A-4214-BBE1-25FAA295DD29}.Debug|Any CPU.Build.0 = Debug|Any CPU
		{0C0E50EC-C16A-4214-BBE1-25FAA295DD29}.Release|Any CPU.ActiveCfg = Release|Any CPU
		{0C0E50EC-C16A-4214-BBE1-25FAA295DD29}.Release|Any CPU.Build.0 = Release|Any CPU
		{41573ED2-FC36-4D89-A99F-42B740F3D4A4}.Debug|Any CPU.ActiveCfg = Debug|Any CPU
		{41573ED2-FC36-4D89-A99F-42B740F3D4A4}.Debug|Any CPU.Build.0 = Debug|Any CPU
		{41573ED2-FC36-4D89-A99F-42B740F3D4A4}.Release|Any CPU.ActiveCfg = Release|Any CPU
		{41573ED2-FC36-4D89-A99F-42B740F3D4A4}.Release|Any CPU.Build.0 = Release|Any CPU
		{C1B14FB9-CBBE-4B41-805A-A85AE4A200B2}.Debug|Any CPU.ActiveCfg = Debug|Any CPU
		{C1B14FB9-CBBE-4B41-805A-A85AE4A200B2}.Debug|Any CPU.Build.0 = Debug|Any CPU
		{C1B14FB9-CBBE-4B41-805A-A85AE4A200B2}.Release|Any CPU.ActiveCfg = Release|Any CPU
		{C1B14FB9-CBBE-4B41-805A-A85AE4A200B2}.Release|Any CPU.Build.0 = Release|Any CPU
		{DE9BFCCB-73FC-43D9-A276-B1D1136DF677}.Debug|Any CPU.ActiveCfg = Debug|Any CPU
		{DE9BFCCB-73FC-43D9-A276-B1D1136DF677}.Debug|Any CPU.Build.0 = Debug|Any CPU
		{DE9BFCCB-73FC-43D9-A276-B1D1136DF677}.Release|Any CPU.ActiveCfg = Release|Any CPU
		{DE9BFCCB-73FC-43D9-A276-B1D1136DF677}.Release|Any CPU.Build.0 = Release|Any CPU
		{F4A6ED15-F580-4F60-9C4D-7B5DA011D066}.Debug|Any CPU.ActiveCfg = Debug|Any CPU
		{F4A6ED15-F580-4F60-9C4D-7B5DA011D066}.Debug|Any CPU.Build.0 = Debug|Any CPU
		{F4A6ED15-F580-4F60-9C4D-7B5DA011D066}.Release|Any CPU.ActiveCfg = Release|Any CPU
		{F4A6ED15-F580-4F60-9C4D-7B5DA011D066}.Release|Any CPU.Build.0 = Release|Any CPU
		{D7ACB8AF-4A1D-414C-9A8C-52AD661D7B04}.Debug|Any CPU.ActiveCfg = Debug|Any CPU
		{D7ACB8AF-4A1D-414C-9A8C-52AD661D7B04}.Debug|Any CPU.Build.0 = Debug|Any CPU
		{D7ACB8AF-4A1D-414C-9A8C-52AD661D7B04}.Release|Any CPU.ActiveCfg = Release|Any CPU
		{D7ACB8AF-4A1D-414C-9A8C-52AD661D7B04}.Release|Any CPU.Build.0 = Release|Any CPU
		{E7DBAB49-9356-429D-8E21-A8073B0AA89D}.Debug|Any CPU.ActiveCfg = Debug|Any CPU
		{E7DBAB49-9356-429D-8E21-A8073B0AA89D}.Debug|Any CPU.Build.0 = Debug|Any CPU
		{E7DBAB49-9356-429D-8E21-A8073B0AA89D}.Release|Any CPU.ActiveCfg = Release|Any CPU
		{E7DBAB49-9356-429D-8E21-A8073B0AA89D}.Release|Any CPU.Build.0 = Release|Any CPU
		{0409D951-088F-4196-A52A-41D8F994E66C}.Debug|Any CPU.ActiveCfg = Debug|Any CPU
		{0409D951-088F-4196-A52A-41D8F994E66C}.Debug|Any CPU.Build.0 = Debug|Any CPU
		{0409D951-088F-4196-A52A-41D8F994E66C}.Release|Any CPU.ActiveCfg = Release|Any CPU
		{0409D951-088F-4196-A52A-41D8F994E66C}.Release|Any CPU.Build.0 = Release|Any CPU
		{0668BB68-E3FE-413F-9DFB-B16D3B71A8F2}.Debug|Any CPU.ActiveCfg = Debug|Any CPU
		{0668BB68-E3FE-413F-9DFB-B16D3B71A8F2}.Debug|Any CPU.Build.0 = Debug|Any CPU
		{0668BB68-E3FE-413F-9DFB-B16D3B71A8F2}.Release|Any CPU.ActiveCfg = Release|Any CPU
		{0668BB68-E3FE-413F-9DFB-B16D3B71A8F2}.Release|Any CPU.Build.0 = Release|Any CPU
	EndGlobalSection
EndGlobal
